
Microsoft Visual Studio Solution File, Format Version 12.00
Project("{FAE04EC0-301F-11D3-BF4B-00C04F79EFBC}") = "tff.main", "tff.main.csproj", "{0B916DD3-CEA2-49FC-B86F-439E6E7692EB}"
EndProject
Global
	GlobalSection(SolutionConfigurationPlatforms) = preSolution
		Debug|Any CPU = Debug|Any CPU
		Release|Any CPU = Release|Any CPU
	EndGlobalSection
	GlobalSection(ProjectConfigurationPlatforms) = postSolution
		{0B916DD3-CEA2-49FC-B86F-439E6E7692EB}.Debug|Any CPU.ActiveCfg = Debug|Any CPU
		{0B916DD3-CEA2-49FC-B86F-439E6E7692EB}.Debug|Any CPU.Build.0 = Debug|Any CPU
		{0B916DD3-CEA2-49FC-B86F-439E6E7692EB}.Release|Any CPU.ActiveCfg = Release|Any CPU
		{0B916DD3-CEA2-49FC-B86F-439E6E7692EB}.Release|Any CPU.Build.0 = Release|Any CPU
	EndGlobalSection
EndGlobal
